// !$*UTF8*$!
{
	archiveVersion = 1;
	classes = {
	};
	objectVersion = 50;
	objects = {

/* Begin PBXBuildFile section */
		76BD0B7B21108ABD00908CE5 /* AppDelegate.swift in Sources */ = {isa = PBXBuildFile; fileRef = 76BD0B7A21108ABD00908CE5 /* AppDelegate.swift */; };
		76BD0B7D21108ABD00908CE5 /* art.scnassets in Resources */ = {isa = PBXBuildFile; fileRef = 76BD0B7C21108ABD00908CE5 /* art.scnassets */; };
		76BD0B7F21108ABD00908CE5 /* ViewController.swift in Sources */ = {isa = PBXBuildFile; fileRef = 76BD0B7E21108ABD00908CE5 /* ViewController.swift */; };
		76BD0B8221108ABD00908CE5 /* Main.storyboard in Resources */ = {isa = PBXBuildFile; fileRef = 76BD0B8021108ABD00908CE5 /* Main.storyboard */; };
		76BD0B8421108ABF00908CE5 /* Assets.xcassets in Resources */ = {isa = PBXBuildFile; fileRef = 76BD0B8321108ABF00908CE5 /* Assets.xcassets */; };
		76BD0B8721108AC000908CE5 /* LaunchScreen.storyboard in Resources */ = {isa = PBXBuildFile; fileRef = 76BD0B8521108AC000908CE5 /* LaunchScreen.storyboard */; };
		76BD0B9221108AC000908CE5 /* arkit_appTests.swift in Sources */ = {isa = PBXBuildFile; fileRef = 76BD0B9121108AC000908CE5 /* arkit_appTests.swift */; };
		76BD0B9D21108AC000908CE5 /* arkit_appUITests.swift in Sources */ = {isa = PBXBuildFile; fileRef = 76BD0B9C21108AC000908CE5 /* arkit_appUITests.swift */; };
/* End PBXBuildFile section */

/* Begin PBXContainerItemProxy section */
		76BD0B8E21108AC000908CE5 /* PBXContainerItemProxy */ = {
			isa = PBXContainerItemProxy;
			containerPortal = 76BD0B6F21108ABD00908CE5 /* Project object */;
			proxyType = 1;
			remoteGlobalIDString = 76BD0B7621108ABD00908CE5;
			remoteInfo = arkit_app;
		};
		76BD0B9921108AC000908CE5 /* PBXContainerItemProxy */ = {
			isa = PBXContainerItemProxy;
			containerPortal = 76BD0B6F21108ABD00908CE5 /* Project object */;
			proxyType = 1;
			remoteGlobalIDString = 76BD0B7621108ABD00908CE5;
			remoteInfo = arkit_app;
		};
/* End PBXContainerItemProxy section */

/* Begin PBXFileReference section */
		76BD0B7721108ABD00908CE5 /* arkit_app.app */ = {isa = PBXFileReference; explicitFileType = wrapper.application; includeInIndex = 0; path = arkit_app.app; sourceTree = BUILT_PRODUCTS_DIR; };
		76BD0B7A21108ABD00908CE5 /* AppDelegate.swift */ = {isa = PBXFileReference; lastKnownFileType = sourcecode.swift; path = AppDelegate.swift; sourceTree = "<group>"; };
		76BD0B7C21108ABD00908CE5 /* art.scnassets */ = {isa = PBXFileReference; lastKnownFileType = wrapper.scnassets; path = art.scnassets; sourceTree = "<group>"; };
		76BD0B7E21108ABD00908CE5 /* ViewController.swift */ = {isa = PBXFileReference; lastKnownFileType = sourcecode.swift; path = ViewController.swift; sourceTree = "<group>"; };
		76BD0B8121108ABD00908CE5 /* Base */ = {isa = PBXFileReference; lastKnownFileType = file.storyboard; name = Base; path = Base.lproj/Main.storyboard; sourceTree = "<group>"; };
		76BD0B8321108ABF00908CE5 /* Assets.xcassets */ = {isa = PBXFileReference; lastKnownFileType = folder.assetcatalog; path = Assets.xcassets; sourceTree = "<group>"; };
		76BD0B8621108AC000908CE5 /* Base */ = {isa = PBXFileReference; lastKnownFileType = file.storyboard; name = Base; path = Base.lproj/LaunchScreen.storyboard; sourceTree = "<group>"; };
		76BD0B8821108AC000908CE5 /* Info.plist */ = {isa = PBXFileReference; lastKnownFileType = text.plist.xml; path = Info.plist; sourceTree = "<group>"; };
		76BD0B8D21108AC000908CE5 /* arkit_appTests.xctest */ = {isa = PBXFileReference; explicitFileType = wrapper.cfbundle; includeInIndex = 0; path = arkit_appTests.xctest; sourceTree = BUILT_PRODUCTS_DIR; };
		76BD0B9121108AC000908CE5 /* arkit_appTests.swift */ = {isa = PBXFileReference; lastKnownFileType = sourcecode.swift; path = arkit_appTests.swift; sourceTree = "<group>"; };
		76BD0B9321108AC000908CE5 /* Info.plist */ = {isa = PBXFileReference; lastKnownFileType = text.plist.xml; path = Info.plist; sourceTree = "<group>"; };
		76BD0B9821108AC000908CE5 /* arkit_appUITests.xctest */ = {isa = PBXFileReference; explicitFileType = wrapper.cfbundle; includeInIndex = 0; path = arkit_appUITests.xctest; sourceTree = BUILT_PRODUCTS_DIR; };
		76BD0B9C21108AC000908CE5 /* arkit_appUITests.swift */ = {isa = PBXFileReference; lastKnownFileType = sourcecode.swift; path = arkit_appUITests.swift; sourceTree = "<group>"; };
		76BD0B9E21108AC000908CE5 /* Info.plist */ = {isa = PBXFileReference; lastKnownFileType = text.plist.xml; path = Info.plist; sourceTree = "<group>"; };
/* End PBXFileReference section */

/* Begin PBXFrameworksBuildPhase section */
		76BD0B7421108ABD00908CE5 /* Frameworks */ = {
			isa = PBXFrameworksBuildPhase;
			buildActionMask = 2147483647;
			files = (
			);
			runOnlyForDeploymentPostprocessing = 0;
		};
		76BD0B8A21108AC000908CE5 /* Frameworks */ = {
			isa = PBXFrameworksBuildPhase;
			buildActionMask = 2147483647;
			files = (
			);
			runOnlyForDeploymentPostprocessing = 0;
		};
		76BD0B9521108AC000908CE5 /* Frameworks */ = {
			isa = PBXFrameworksBuildPhase;
			buildActionMask = 2147483647;
			files = (
			);
			runOnlyForDeploymentPostprocessing = 0;
		};
/* End PBXFrameworksBuildPhase section */

/* Begin PBXGroup section */
		76BD0B6E21108ABD00908CE5 = {
			isa = PBXGroup;
			children = (
				76BD0B7921108ABD00908CE5 /* arkit_app */,
				76BD0B9021108AC000908CE5 /* arkit_appTests */,
				76BD0B9B21108AC000908CE5 /* arkit_appUITests */,
				76BD0B7821108ABD00908CE5 /* Products */,
			);
			sourceTree = "<group>";
		};
		76BD0B7821108ABD00908CE5 /* Products */ = {
			isa = PBXGroup;
			children = (
				76BD0B7721108ABD00908CE5 /* arkit_app.app */,
				76BD0B8D21108AC000908CE5 /* arkit_appTests.xctest */,
				76BD0B9821108AC000908CE5 /* arkit_appUITests.xctest */,
			);
			name = Products;
			sourceTree = "<group>";
		};
		76BD0B7921108ABD00908CE5 /* arkit_app */ = {
			isa = PBXGroup;
			children = (
				76BD0B7A21108ABD00908CE5 /* AppDelegate.swift */,
				76BD0B7C21108ABD00908CE5 /* art.scnassets */,
				76BD0B7E21108ABD00908CE5 /* ViewController.swift */,
				76BD0B8021108ABD00908CE5 /* Main.storyboard */,
				76BD0B8321108ABF00908CE5 /* Assets.xcassets */,
				76BD0B8521108AC000908CE5 /* LaunchScreen.storyboard */,
				76BD0B8821108AC000908CE5 /* Info.plist */,
			);
			path = arkit_app;
			sourceTree = "<group>";
		};
		76BD0B9021108AC000908CE5 /* arkit_appTests */ = {
			isa = PBXGroup;
			children = (
				76BD0B9121108AC000908CE5 /* arkit_appTests.swift */,
				76BD0B9321108AC000908CE5 /* Info.plist */,
			);
			path = arkit_appTests;
			sourceTree = "<group>";
		};
		76BD0B9B21108AC000908CE5 /* arkit_appUITests */ = {
			isa = PBXGroup;
			children = (
				76BD0B9C21108AC000908CE5 /* arkit_appUITests.swift */,
				76BD0B9E21108AC000908CE5 /* Info.plist */,
			);
			path = arkit_appUITests;
			sourceTree = "<group>";
		};
/* End PBXGroup section */

/* Begin PBXNativeTarget section */
		76BD0B7621108ABD00908CE5 /* arkit_app */ = {
			isa = PBXNativeTarget;
			buildConfigurationList = 76BD0BA121108AC000908CE5 /* Build configuration list for PBXNativeTarget "arkit_app" */;
			buildPhases = (
				76BD0B7321108ABD00908CE5 /* Sources */,
				76BD0B7421108ABD00908CE5 /* Frameworks */,
				76BD0B7521108ABD00908CE5 /* Resources */,
			);
			buildRules = (
			);
			dependencies = (
			);
			name = arkit_app;
			productName = arkit_app;
			productReference = 76BD0B7721108ABD00908CE5 /* arkit_app.app */;
			productType = "com.apple.product-type.application";
		};
		76BD0B8C21108AC000908CE5 /* arkit_appTests */ = {
			isa = PBXNativeTarget;
			buildConfigurationList = 76BD0BA421108AC000908CE5 /* Build configuration list for PBXNativeTarget "arkit_appTests" */;
			buildPhases = (
				76BD0B8921108AC000908CE5 /* Sources */,
				76BD0B8A21108AC000908CE5 /* Frameworks */,
				76BD0B8B21108AC000908CE5 /* Resources */,
			);
			buildRules = (
			);
			dependencies = (
				76BD0B8F21108AC000908CE5 /* PBXTargetDependency */,
			);
			name = arkit_appTests;
			productName = arkit_appTests;
			productReference = 76BD0B8D21108AC000908CE5 /* arkit_appTests.xctest */;
			productType = "com.apple.product-type.bundle.unit-test";
		};
		76BD0B9721108AC000908CE5 /* arkit_appUITests */ = {
			isa = PBXNativeTarget;
			buildConfigurationList = 76BD0BA721108AC000908CE5 /* Build configuration list for PBXNativeTarget "arkit_appUITests" */;
			buildPhases = (
				76BD0B9421108AC000908CE5 /* Sources */,
				76BD0B9521108AC000908CE5 /* Frameworks */,
				76BD0B9621108AC000908CE5 /* Resources */,
			);
			buildRules = (
			);
			dependencies = (
				76BD0B9A21108AC000908CE5 /* PBXTargetDependency */,
			);
			name = arkit_appUITests;
			productName = arkit_appUITests;
			productReference = 76BD0B9821108AC000908CE5 /* arkit_appUITests.xctest */;
			productType = "com.apple.product-type.bundle.ui-testing";
		};
/* End PBXNativeTarget section */

/* Begin PBXProject section */
		76BD0B6F21108ABD00908CE5 /* Project object */ = {
			isa = PBXProject;
			attributes = {
				LastSwiftUpdateCheck = 0940;
				LastUpgradeCheck = 0940;
				ORGANIZATIONNAME = yusuke.y;
				TargetAttributes = {
					76BD0B7621108ABD00908CE5 = {
						CreatedOnToolsVersion = 9.4.1;
					};
					76BD0B8C21108AC000908CE5 = {
						CreatedOnToolsVersion = 9.4.1;
						TestTargetID = 76BD0B7621108ABD00908CE5;
					};
					76BD0B9721108AC000908CE5 = {
						CreatedOnToolsVersion = 9.4.1;
						TestTargetID = 76BD0B7621108ABD00908CE5;
					};
				};
			};
			buildConfigurationList = 76BD0B7221108ABD00908CE5 /* Build configuration list for PBXProject "arkit_app" */;
			compatibilityVersion = "Xcode 9.3";
			developmentRegion = en;
			hasScannedForEncodings = 0;
			knownRegions = (
				en,
				Base,
			);
			mainGroup = 76BD0B6E21108ABD00908CE5;
			productRefGroup = 76BD0B7821108ABD00908CE5 /* Products */;
			projectDirPath = "";
			projectRoot = "";
			targets = (
				76BD0B7621108ABD00908CE5 /* arkit_app */,
				76BD0B8C21108AC000908CE5 /* arkit_appTests */,
				76BD0B9721108AC000908CE5 /* arkit_appUITests */,
			);
		};
/* End PBXProject section */

/* Begin PBXResourcesBuildPhase section */
		76BD0B7521108ABD00908CE5 /* Resources */ = {
			isa = PBXResourcesBuildPhase;
			buildActionMask = 2147483647;
			files = (
				76BD0B7D21108ABD00908CE5 /* art.scnassets in Resources */,
				76BD0B8721108AC000908CE5 /* LaunchScreen.storyboard in Resources */,
				76BD0B8421108ABF00908CE5 /* Assets.xcassets in Resources */,
				76BD0B8221108ABD00908CE5 /* Main.storyboard in Resources */,
			);
			runOnlyForDeploymentPostprocessing = 0;
		};
		76BD0B8B21108AC000908CE5 /* Resources */ = {
			isa = PBXResourcesBuildPhase;
			buildActionMask = 2147483647;
			files = (
			);
			runOnlyForDeploymentPostprocessing = 0;
		};
		76BD0B9621108AC000908CE5 /* Resources */ = {
			isa = PBXResourcesBuildPhase;
			buildActionMask = 2147483647;
			files = (
			);
			runOnlyForDeploymentPostprocessing = 0;
		};
/* End PBXResourcesBuildPhase section */

/* Begin PBXSourcesBuildPhase section */
		76BD0B7321108ABD00908CE5 /* Sources */ = {
			isa = PBXSourcesBuildPhase;
			buildActionMask = 2147483647;
			files = (
				76BD0B7F21108ABD00908CE5 /* ViewController.swift in Sources */,
				76BD0B7B21108ABD00908CE5 /* AppDelegate.swift in Sources */,
			);
			runOnlyForDeploymentPostprocessing = 0;
		};
		76BD0B8921108AC000908CE5 /* Sources */ = {
			isa = PBXSourcesBuildPhase;
			buildActionMask = 2147483647;
			files = (
				76BD0B9221108AC000908CE5 /* arkit_appTests.swift in Sources */,
			);
			runOnlyForDeploymentPostprocessing = 0;
		};
		76BD0B9421108AC000908CE5 /* Sources */ = {
			isa = PBXSourcesBuildPhase;
			buildActionMask = 2147483647;
			files = (
				76BD0B9D21108AC000908CE5 /* arkit_appUITests.swift in Sources */,
			);
			runOnlyForDeploymentPostprocessing = 0;
		};
/* End PBXSourcesBuildPhase section */

/* Begin PBXTargetDependency section */
		76BD0B8F21108AC000908CE5 /* PBXTargetDependency */ = {
			isa = PBXTargetDependency;
			target = 76BD0B7621108ABD00908CE5 /* arkit_app */;
			targetProxy = 76BD0B8E21108AC000908CE5 /* PBXContainerItemProxy */;
		};
		76BD0B9A21108AC000908CE5 /* PBXTargetDependency */ = {
			isa = PBXTargetDependency;
			target = 76BD0B7621108ABD00908CE5 /* arkit_app */;
			targetProxy = 76BD0B9921108AC000908CE5 /* PBXContainerItemProxy */;
		};
/* End PBXTargetDependency section */

/* Begin PBXVariantGroup section */
		76BD0B8021108ABD00908CE5 /* Main.storyboard */ = {
			isa = PBXVariantGroup;
			children = (
				76BD0B8121108ABD00908CE5 /* Base */,
			);
			name = Main.storyboard;
			sourceTree = "<group>";
		};
		76BD0B8521108AC000908CE5 /* LaunchScreen.storyboard */ = {
			isa = PBXVariantGroup;
			children = (
				76BD0B8621108AC000908CE5 /* Base */,
			);
			name = LaunchScreen.storyboard;
			sourceTree = "<group>";
		};
/* End PBXVariantGroup section */

/* Begin XCBuildConfiguration section */
		76BD0B9F21108AC000908CE5 /* Debug */ = {
			isa = XCBuildConfiguration;
			buildSettings = {
				ALWAYS_SEARCH_USER_PATHS = NO;
				CLANG_ANALYZER_NONNULL = YES;
				CLANG_ANALYZER_NUMBER_OBJECT_CONVERSION = YES_AGGRESSIVE;
				CLANG_CXX_LANGUAGE_STANDARD = "gnu++14";
				CLANG_CXX_LIBRARY = "libc++";
				CLANG_ENABLE_MODULES = YES;
				CLANG_ENABLE_OBJC_ARC = YES;
				CLANG_ENABLE_OBJC_WEAK = YES;
				CLANG_WARN_BLOCK_CAPTURE_AUTORELEASING = YES;
				CLANG_WARN_BOOL_CONVERSION = YES;
				CLANG_WARN_COMMA = YES;
				CLANG_WARN_CONSTANT_CONVERSION = YES;
				CLANG_WARN_DEPRECATED_OBJC_IMPLEMENTATIONS = YES;
				CLANG_WARN_DIRECT_OBJC_ISA_USAGE = YES_ERROR;
				CLANG_WARN_DOCUMENTATION_COMMENTS = YES;
				CLANG_WARN_EMPTY_BODY = YES;
				CLANG_WARN_ENUM_CONVERSION = YES;
				CLANG_WARN_INFINITE_RECURSION = YES;
				CLANG_WARN_INT_CONVERSION = YES;
				CLANG_WARN_NON_LITERAL_NULL_CONVERSION = YES;
				CLANG_WARN_OBJC_IMPLICIT_RETAIN_SELF = YES;
				CLANG_WARN_OBJC_LITERAL_CONVERSION = YES;
				CLANG_WARN_OBJC_ROOT_CLASS = YES_ERROR;
				CLANG_WARN_RANGE_LOOP_ANALYSIS = YES;
				CLANG_WARN_STRICT_PROTOTYPES = YES;
				CLANG_WARN_SUSPICIOUS_MOVE = YES;
				CLANG_WARN_UNGUARDED_AVAILABILITY = YES_AGGRESSIVE;
				CLANG_WARN_UNREACHABLE_CODE = YES;
				CLANG_WARN__DUPLICATE_METHOD_MATCH = YES;
				CODE_SIGN_IDENTITY = "iPhone Developer";
				COPY_PHASE_STRIP = NO;
				DEBUG_INFORMATION_FORMAT = dwarf;
				ENABLE_STRICT_OBJC_MSGSEND = YES;
				ENABLE_TESTABILITY = YES;
				GCC_C_LANGUAGE_STANDARD = gnu11;
				GCC_DYNAMIC_NO_PIC = NO;
				GCC_NO_COMMON_BLOCKS = YES;
				GCC_OPTIMIZATION_LEVEL = 0;
				GCC_PREPROCESSOR_DEFINITIONS = (
					"DEBUG=1",
					"$(inherited)",
				);
				GCC_WARN_64_TO_32_BIT_CONVERSION = YES;
				GCC_WARN_ABOUT_RETURN_TYPE = YES_ERROR;
				GCC_WARN_UNDECLARED_SELECTOR = YES;
				GCC_WARN_UNINITIALIZED_AUTOS = YES_AGGRESSIVE;
				GCC_WARN_UNUSED_FUNCTION = YES;
				GCC_WARN_UNUSED_VARIABLE = YES;
				IPHONEOS_DEPLOYMENT_TARGET = 11.4;
				MTL_ENABLE_DEBUG_INFO = YES;
				ONLY_ACTIVE_ARCH = YES;
				SDKROOT = iphoneos;
				SWIFT_ACTIVE_COMPILATION_CONDITIONS = DEBUG;
				SWIFT_OPTIMIZATION_LEVEL = "-Onone";
			};
			name = Debug;
		};
		76BD0BA021108AC000908CE5 /* Release */ = {
			isa = XCBuildConfiguration;
			buildSettings = {
				ALWAYS_SEARCH_USER_PATHS = NO;
				CLANG_ANALYZER_NONNULL = YES;
				CLANG_ANALYZER_NUMBER_OBJECT_CONVERSION = YES_AGGRESSIVE;
				CLANG_CXX_LANGUAGE_STANDARD = "gnu++14";
				CLANG_CXX_LIBRARY = "libc++";
				CLANG_ENABLE_MODULES = YES;
				CLANG_ENABLE_OBJC_ARC = YES;
				CLANG_ENABLE_OBJC_WEAK = YES;
				CLANG_WARN_BLOCK_CAPTURE_AUTORELEASING = YES;
				CLANG_WARN_BOOL_CONVERSION = YES;
				CLANG_WARN_COMMA = YES;
				CLANG_WARN_CONSTANT_CONVERSION = YES;
				CLANG_WARN_DEPRECATED_OBJC_IMPLEMENTATIONS = YES;
				CLANG_WARN_DIRECT_OBJC_ISA_USAGE = YES_ERROR;
				CLANG_WARN_DOCUMENTATION_COMMENTS = YES;
				CLANG_WARN_EMPTY_BODY = YES;
				CLANG_WARN_ENUM_CONVERSION = YES;
				CLANG_WARN_INFINITE_RECURSION = YES;
				CLANG_WARN_INT_CONVERSION = YES;
				CLANG_WARN_NON_LITERAL_NULL_CONVERSION = YES;
				CLANG_WARN_OBJC_IMPLICIT_RETAIN_SELF = YES;
				CLANG_WARN_OBJC_LITERAL_CONVERSION = YES;
				CLANG_WARN_OBJC_ROOT_CLASS = YES_ERROR;
				CLANG_WARN_RANGE_LOOP_ANALYSIS = YES;
				CLANG_WARN_STRICT_PROTOTYPES = YES;
				CLANG_WARN_SUSPICIOUS_MOVE = YES;
				CLANG_WARN_UNGUARDED_AVAILABILITY = YES_AGGRESSIVE;
				CLANG_WARN_UNREACHABLE_CODE = YES;
				CLANG_WARN__DUPLICATE_METHOD_MATCH = YES;
				CODE_SIGN_IDENTITY = "iPhone Developer";
				COPY_PHASE_STRIP = NO;
				DEBUG_INFORMATION_FORMAT = "dwarf-with-dsym";
				ENABLE_NS_ASSERTIONS = NO;
				ENABLE_STRICT_OBJC_MSGSEND = YES;
				GCC_C_LANGUAGE_STANDARD = gnu11;
				GCC_NO_COMMON_BLOCKS = YES;
				GCC_WARN_64_TO_32_BIT_CONVERSION = YES;
				GCC_WARN_ABOUT_RETURN_TYPE = YES_ERROR;
				GCC_WARN_UNDECLARED_SELECTOR = YES;
				GCC_WARN_UNINITIALIZED_AUTOS = YES_AGGRESSIVE;
				GCC_WARN_UNUSED_FUNCTION = YES;
				GCC_WARN_UNUSED_VARIABLE = YES;
				IPHONEOS_DEPLOYMENT_TARGET = 11.4;
				MTL_ENABLE_DEBUG_INFO = NO;
				SDKROOT = iphoneos;
				SWIFT_COMPILATION_MODE = wholemodule;
				SWIFT_OPTIMIZATION_LEVEL = "-O";
				VALIDATE_PRODUCT = YES;
			};
			name = Release;
		};
		76BD0BA221108AC000908CE5 /* Debug */ = {
			isa = XCBuildConfiguration;
			buildSettings = {
				ASSETCATALOG_COMPILER_APPICON_NAME = AppIcon;
				CODE_SIGN_STYLE = Automatic;
				DEVELOPMENT_TEAM = K7PBCNY3N4;
				INFOPLIST_FILE = arkit_app/Info.plist;
				LD_RUNPATH_SEARCH_PATHS = (
					"$(inherited)",
					"@executable_path/Frameworks",
				);
				PRODUCT_BUNDLE_IDENTIFIER = "com.yusukey.arkit-app";
				PRODUCT_NAME = "$(TARGET_NAME)";
				SWIFT_VERSION = 4.0;
				TARGETED_DEVICE_FAMILY = "1,2";
			};
			name = Debug;
		};
		76BD0BA321108AC000908CE5 /* Release */ = {
			isa = XCBuildConfiguration;
			buildSettings = {
				ASSETCATALOG_COMPILER_APPICON_NAME = AppIcon;
				CODE_SIGN_STYLE = Automatic;
				DEVELOPMENT_TEAM = K7PBCNY3N4;
				INFOPLIST_FILE = arkit_app/Info.plist;
				LD_RUNPATH_SEARCH_PATHS = (
					"$(inherited)",
					"@executable_path/Frameworks",
				);
				PRODUCT_BUNDLE_IDENTIFIER = "com.yusukey.arkit-app";
				PRODUCT_NAME = "$(TARGET_NAME)";
				SWIFT_VERSION = 4.0;
				TARGETED_DEVICE_FAMILY = "1,2";
			};
			name = Release;
		};
		76BD0BA521108AC000908CE5 /* Debug */ = {
			isa = XCBuildConfiguration;
			buildSettings = {
				ALWAYS_EMBED_SWIFT_STANDARD_LIBRARIES = YES;
				BUNDLE_LOADER = "$(TEST_HOST)";
				CODE_SIGN_STYLE = Automatic;
				DEVELOPMENT_TEAM = K7PBCNY3N4;
				INFOPLIST_FILE = arkit_appTests/Info.plist;
				LD_RUNPATH_SEARCH_PATHS = (
					"$(inherited)",
					"@executable_path/Frameworks",
					"@loader_path/Frameworks",
				);
				PRODUCT_BUNDLE_IDENTIFIER = "com.yusukey.arkit-appTests";
				PRODUCT_NAME = "$(TARGET_NAME)";
				SWIFT_VERSION = 4.0;
				TARGETED_DEVICE_FAMILY = "1,2";
				TEST_HOST = "$(BUILT_PRODUCTS_DIR)/arkit_app.app/arkit_app";
			};
			name = Debug;
		};
		76BD0BA621108AC000908CE5 /* Release */ = {
			isa = XCBuildConfiguration;
			buildSettings = {
				ALWAYS_EMBED_SWIFT_STANDARD_LIBRARIES = YES;
				BUNDLE_LOADER = "$(TEST_HOST)";
				CODE_SIGN_STYLE = Automatic;
				DEVELOPMENT_TEAM = K7PBCNY3N4;
				INFOPLIST_FILE = arkit_appTests/Info.plist;
				LD_RUNPATH_SEARCH_PATHS = (
					"$(inherited)",
					"@executable_path/Frameworks",
					"@loader_path/Frameworks",
				);
				PRODUCT_BUNDLE_IDENTIFIER = "com.yusukey.arkit-appTests";
				PRODUCT_NAME = "$(TARGET_NAME)";
				SWIFT_VERSION = 4.0;
				TARGETED_DEVICE_FAMILY = "1,2";
				TEST_HOST = "$(BUILT_PRODUCTS_DIR)/arkit_app.app/arkit_app";
			};
			name = Release;
		};
		76BD0BA821108AC000908CE5 /* Debug */ = {
			isa = XCBuildConfiguration;
			buildSettings = {
				ALWAYS_EMBED_SWIFT_STANDARD_LIBRARIES = YES;
				CODE_SIGN_STYLE = Automatic;
				DEVELOPMENT_TEAM = K7PBCNY3N4;
				INFOPLIST_FILE = arkit_appUITests/Info.plist;
				LD_RUNPATH_SEARCH_PATHS = (
					"$(inherited)",
					"@executable_path/Frameworks",
					"@loader_path/Frameworks",
				);
				PRODUCT_BUNDLE_IDENTIFIER = "com.yusukey.arkit-appUITests";
				PRODUCT_NAME = "$(TARGET_NAME)";
				SWIFT_VERSION = 4.0;
				TARGETED_DEVICE_FAMILY = "1,2";
				TEST_TARGET_NAME = arkit_app;
			};
			name = Debug;
		};
		76BD0BA921108AC000908CE5 /* Release */ = {
			isa = XCBuildConfiguration;
			buildSettings = {
				ALWAYS_EMBED_SWIFT_STANDARD_LIBRARIES = YES;
				CODE_SIGN_STYLE = Automatic;
				DEVELOPMENT_TEAM = K7PBCNY3N4;
				INFOPLIST_FILE = arkit_appUITests/Info.plist;
				LD_RUNPATH_SEARCH_PATHS = (
					"$(inherited)",
					"@executable_path/Frameworks",
					"@loader_path/Frameworks",
				);
				PRODUCT_BUNDLE_IDENTIFIER = "com.yusukey.arkit-appUITests";
				PRODUCT_NAME = "$(TARGET_NAME)";
				SWIFT_VERSION = 4.0;
				TARGETED_DEVICE_FAMILY = "1,2";
				TEST_TARGET_NAME = arkit_app;
			};
			name = Release;
		};
/* End XCBuildConfiguration section */

/* Begin XCConfigurationList section */
		76BD0B7221108ABD00908CE5 /* Build configuration list for PBXProject "arkit_app" */ = {
			isa = XCConfigurationList;
			buildConfigurations = (
				76BD0B9F21108AC000908CE5 /* Debug */,
				76BD0BA021108AC000908CE5 /* Release */,
			);
			defaultConfigurationIsVisible = 0;
			defaultConfigurationName = Release;
		};
		76BD0BA121108AC000908CE5 /* Build configuration list for PBXNativeTarget "arkit_app" */ = {
			isa = XCConfigurationList;
			buildConfigurations = (
				76BD0BA221108AC000908CE5 /* Debug */,
				76BD0BA321108AC000908CE5 /* Release */,
			);
			defaultConfigurationIsVisible = 0;
			defaultConfigurationName = Release;
		};
		76BD0BA421108AC000908CE5 /* Build configuration list for PBXNativeTarget "arkit_appTests" */ = {
			isa = XCConfigurationList;
			buildConfigurations = (
				76BD0BA521108AC000908CE5 /* Debug */,
				76BD0BA621108AC000908CE5 /* Release */,
			);
			defaultConfigurationIsVisible = 0;
			defaultConfigurationName = Release;
		};
		76BD0BA721108AC000908CE5 /* Build configuration list for PBXNativeTarget "arkit_appUITests" */ = {
			isa = XCConfigurationList;
			buildConfigurations = (
				76BD0BA821108AC000908CE5 /* Debug */,
				76BD0BA921108AC000908CE5 /* Release */,
			);
			defaultConfigurationIsVisible = 0;
			defaultConfigurationName = Release;
		};
/* End XCConfigurationList section */
	};
	rootObject = 76BD0B6F21108ABD00908CE5 /* Project object */;
}
